// !$*UTF8*$!
{
	archiveVersion = 1;
	classes = {
	};
	objectVersion = 46;
	objects = {

/* Begin PBXBuildFile section */
		941571A21ABB682500E6C49B /* MainMenuView.swift in Sources */ = {isa = PBXBuildFile; fileRef = 941571A11ABB682500E6C49B /* MainMenuView.swift */; };
		941BC7C31A998E82001A56C3 /* Bolts.framework in Frameworks */ = {isa = PBXBuildFile; fileRef = 941BC6A81A998E81001A56C3 /* Bolts.framework */; };
		941BC7C41A998E82001A56C3 /* FacebookSDK.framework in Frameworks */ = {isa = PBXBuildFile; fileRef = 941BC6A91A998E81001A56C3 /* FacebookSDK.framework */; };
		941BC7C51A998E82001A56C3 /* FBAudienceNetwork.framework in Frameworks */ = {isa = PBXBuildFile; fileRef = 941BC6AA1A998E81001A56C3 /* FBAudienceNetwork.framework */; };
		941BC7C61A998E82001A56C3 /* FBAudienceNetwork.README.txt in Resources */ = {isa = PBXBuildFile; fileRef = 941BC6AB1A998E81001A56C3 /* FBAudienceNetwork.README.txt */; };
		941BC7C71A998E82001A56C3 /* LICENSE in Resources */ = {isa = PBXBuildFile; fileRef = 941BC6AC1A998E81001A56C3 /* LICENSE */; };
		941BC7C81A998E82001A56C3 /* README.txt in Resources */ = {isa = PBXBuildFile; fileRef = 941BC6AD1A998E81001A56C3 /* README.txt */; };
		944976131AF98D2E0058EE27 /* SpecialRequestView.swift in Sources */ = {isa = PBXBuildFile; fileRef = 944976121AF98D2E0058EE27 /* SpecialRequestView.swift */; };
		944976151AF98EF40058EE27 /* CalendarView.swift in Sources */ = {isa = PBXBuildFile; fileRef = 944976141AF98EF40058EE27 /* CalendarView.swift */; };
		944976171AF98F280058EE27 /* OrderView.swift in Sources */ = {isa = PBXBuildFile; fileRef = 944976161AF98F280058EE27 /* OrderView.swift */; };
		9449E7CE1A98514F0052FA72 /* AppDelegate.swift in Sources */ = {isa = PBXBuildFile; fileRef = 9449E7CD1A98514F0052FA72 /* AppDelegate.swift */; };
		9449E7D01A98514F0052FA72 /* ViewController.swift in Sources */ = {isa = PBXBuildFile; fileRef = 9449E7CF1A98514F0052FA72 /* ViewController.swift */; };
		9449E7D31A98514F0052FA72 /* Main.storyboard in Resources */ = {isa = PBXBuildFile; fileRef = 9449E7D11A98514F0052FA72 /* Main.storyboard */; };
		9449E7D51A98514F0052FA72 /* Images.xcassets in Resources */ = {isa = PBXBuildFile; fileRef = 9449E7D41A98514F0052FA72 /* Images.xcassets */; };
		9449E7D81A98514F0052FA72 /* LaunchScreen.xib in Resources */ = {isa = PBXBuildFile; fileRef = 9449E7D61A98514F0052FA72 /* LaunchScreen.xib */; };
		9449E7E41A98514F0052FA72 /* DJ_AppTests.swift in Sources */ = {isa = PBXBuildFile; fileRef = 9449E7E31A98514F0052FA72 /* DJ_AppTests.swift */; };
		944ADF381AD1D72000FDC93B /* CoreLocation.framework in Frameworks */ = {isa = PBXBuildFile; fileRef = 944ADF371AD1D72000FDC93B /* CoreLocation.framework */; };
		944ADF3A1AD1EFF300FDC93B /* UnselectedUpvote.png in Resources */ = {isa = PBXBuildFile; fileRef = 944ADF391AD1EFF300FDC93B /* UnselectedUpvote.png */; };
		945B488A1AACF39500FD6E08 /* BarsNearbyView.swift in Sources */ = {isa = PBXBuildFile; fileRef = 945B48891AACF39500FD6E08 /* BarsNearbyView.swift */; };
		948421B11ABFBB0D000E5285 /* QueueView.swift in Sources */ = {isa = PBXBuildFile; fileRef = 948421B01ABFBB0D000E5285 /* QueueView.swift */; };
		948ABD6B1AED813E007C6E71 /* abstract-blurred-lines-colorful-370.jpeg in Resources */ = {isa = PBXBuildFile; fileRef = 948ABD6A1AED813E007C6E71 /* abstract-blurred-lines-colorful-370.jpeg */; };
		948ABD6D1AED9D23007C6E71 /* SongRequestView.swift in Sources */ = {isa = PBXBuildFile; fileRef = 948ABD6C1AED9D23007C6E71 /* SongRequestView.swift */; };
		948ABD6F1AEDA88F007C6E71 /* resized-blurred-lines.jpeg in Resources */ = {isa = PBXBuildFile; fileRef = 948ABD6E1AEDA88F007C6E71 /* resized-blurred-lines.jpeg */; };
		94DC58E61AF9485200E364FA /* TableViewCell.swift in Sources */ = {isa = PBXBuildFile; fileRef = 94DC58E51AF9485200E364FA /* TableViewCell.swift */; };
		94DC58E81AF950A500E364FA /* QueueView2.swift in Sources */ = {isa = PBXBuildFile; fileRef = 94DC58E71AF950A500E364FA /* QueueView2.swift */; };
		94FFB2601ABC8EDF00216D96 /* Spotify.framework in Frameworks */ = {isa = PBXBuildFile; fileRef = 94FFB25F1ABC8EDF00216D96 /* Spotify.framework */; };
/* End PBXBuildFile section */

/* Begin PBXContainerItemProxy section */
		9449E7DE1A98514F0052FA72 /* PBXContainerItemProxy */ = {
			isa = PBXContainerItemProxy;
			containerPortal = 9449E7C01A98514E0052FA72 /* Project object */;
			proxyType = 1;
			remoteGlobalIDString = 9449E7C71A98514E0052FA72;
			remoteInfo = "DJ App";
		};
/* End PBXContainerItemProxy section */

/* Begin PBXFileReference section */
		941571A11ABB682500E6C49B /* MainMenuView.swift */ = {isa = PBXFileReference; fileEncoding = 4; lastKnownFileType = sourcecode.swift; path = MainMenuView.swift; sourceTree = "<group>"; };
		941BC6A61A9922D4001A56C3 /* DJ_App-Bridging-Header.h */ = {isa = PBXFileReference; lastKnownFileType = sourcecode.c.h; path = "DJ_App-Bridging-Header.h"; sourceTree = "<group>"; };
		941BC6A81A998E81001A56C3 /* Bolts.framework */ = {isa = PBXFileReference; lastKnownFileType = wrapper.framework; path = Bolts.framework; sourceTree = "<group>"; };
		941BC6A91A998E81001A56C3 /* FacebookSDK.framework */ = {isa = PBXFileReference; lastKnownFileType = wrapper.framework; path = FacebookSDK.framework; sourceTree = "<group>"; };
		941BC6AA1A998E81001A56C3 /* FBAudienceNetwork.framework */ = {isa = PBXFileReference; lastKnownFileType = wrapper.framework; path = FBAudienceNetwork.framework; sourceTree = "<group>"; };
		941BC6AB1A998E81001A56C3 /* FBAudienceNetwork.README.txt */ = {isa = PBXFileReference; fileEncoding = 4; lastKnownFileType = text; path = FBAudienceNetwork.README.txt; sourceTree = "<group>"; };
		941BC6AC1A998E81001A56C3 /* LICENSE */ = {isa = PBXFileReference; fileEncoding = 4; lastKnownFileType = text; path = LICENSE; sourceTree = "<group>"; };
		941BC6AD1A998E81001A56C3 /* README.txt */ = {isa = PBXFileReference; fileEncoding = 4; lastKnownFileType = text; path = README.txt; sourceTree = "<group>"; };
		944976121AF98D2E0058EE27 /* SpecialRequestView.swift */ = {isa = PBXFileReference; fileEncoding = 4; lastKnownFileType = sourcecode.swift; path = SpecialRequestView.swift; sourceTree = "<group>"; };
		944976141AF98EF40058EE27 /* CalendarView.swift */ = {isa = PBXFileReference; fileEncoding = 4; lastKnownFileType = sourcecode.swift; path = CalendarView.swift; sourceTree = "<group>"; };
		944976161AF98F280058EE27 /* OrderView.swift */ = {isa = PBXFileReference; fileEncoding = 4; lastKnownFileType = sourcecode.swift; path = OrderView.swift; sourceTree = "<group>"; };
		9449E7C81A98514E0052FA72 /* DJ App.app */ = {isa = PBXFileReference; explicitFileType = wrapper.application; includeInIndex = 0; path = "DJ App.app"; sourceTree = BUILT_PRODUCTS_DIR; };
		9449E7CC1A98514F0052FA72 /* Info.plist */ = {isa = PBXFileReference; lastKnownFileType = text.plist.xml; path = Info.plist; sourceTree = "<group>"; };
		9449E7CD1A98514F0052FA72 /* AppDelegate.swift */ = {isa = PBXFileReference; lastKnownFileType = sourcecode.swift; path = AppDelegate.swift; sourceTree = "<group>"; };
		9449E7CF1A98514F0052FA72 /* ViewController.swift */ = {isa = PBXFileReference; lastKnownFileType = sourcecode.swift; path = ViewController.swift; sourceTree = "<group>"; };
		9449E7D21A98514F0052FA72 /* Base */ = {isa = PBXFileReference; lastKnownFileType = file.storyboard; name = Base; path = Base.lproj/Main.storyboard; sourceTree = "<group>"; };
		9449E7D41A98514F0052FA72 /* Images.xcassets */ = {isa = PBXFileReference; lastKnownFileType = folder.assetcatalog; path = Images.xcassets; sourceTree = "<group>"; };
		9449E7D71A98514F0052FA72 /* Base */ = {isa = PBXFileReference; lastKnownFileType = file.xib; name = Base; path = Base.lproj/LaunchScreen.xib; sourceTree = "<group>"; };
		9449E7DD1A98514F0052FA72 /* DJ AppTests.xctest */ = {isa = PBXFileReference; explicitFileType = wrapper.cfbundle; includeInIndex = 0; path = "DJ AppTests.xctest"; sourceTree = BUILT_PRODUCTS_DIR; };
		9449E7E21A98514F0052FA72 /* Info.plist */ = {isa = PBXFileReference; lastKnownFileType = text.plist.xml; path = Info.plist; sourceTree = "<group>"; };
		9449E7E31A98514F0052FA72 /* DJ_AppTests.swift */ = {isa = PBXFileReference; lastKnownFileType = sourcecode.swift; path = DJ_AppTests.swift; sourceTree = "<group>"; };
		944ADF371AD1D72000FDC93B /* CoreLocation.framework */ = {isa = PBXFileReference; lastKnownFileType = wrapper.framework; name = CoreLocation.framework; path = System/Library/Frameworks/CoreLocation.framework; sourceTree = SDKROOT; };
		944ADF391AD1EFF300FDC93B /* UnselectedUpvote.png */ = {isa = PBXFileReference; lastKnownFileType = image.png; name = UnselectedUpvote.png; path = "../../../../../Pictures/DJ App/UnselectedUpvote.png"; sourceTree = "<group>"; };
		945B48891AACF39500FD6E08 /* BarsNearbyView.swift */ = {isa = PBXFileReference; fileEncoding = 4; lastKnownFileType = sourcecode.swift; name = BarsNearbyView.swift; path = ../BarsNearbyView.swift; sourceTree = "<group>"; };
		948421B01ABFBB0D000E5285 /* QueueView.swift */ = {isa = PBXFileReference; fileEncoding = 4; lastKnownFileType = sourcecode.swift; path = QueueView.swift; sourceTree = "<group>"; };
		948ABD6A1AED813E007C6E71 /* abstract-blurred-lines-colorful-370.jpeg */ = {isa = PBXFileReference; lastKnownFileType = image.jpeg; path = "abstract-blurred-lines-colorful-370.jpeg"; sourceTree = "<group>"; };
		948ABD6C1AED9D23007C6E71 /* SongRequestView.swift */ = {isa = PBXFileReference; fileEncoding = 4; lastKnownFileType = sourcecode.swift; path = SongRequestView.swift; sourceTree = "<group>"; };
		948ABD6E1AEDA88F007C6E71 /* resized-blurred-lines.jpeg */ = {isa = PBXFileReference; lastKnownFileType = image.jpeg; path = "resized-blurred-lines.jpeg"; sourceTree = "<group>"; };
		94DC58E51AF9485200E364FA /* TableViewCell.swift */ = {isa = PBXFileReference; fileEncoding = 4; lastKnownFileType = sourcecode.swift; path = TableViewCell.swift; sourceTree = "<group>"; };
		94DC58E71AF950A500E364FA /* QueueView2.swift */ = {isa = PBXFileReference; fileEncoding = 4; lastKnownFileType = sourcecode.swift; path = QueueView2.swift; sourceTree = "<group>"; };
		94FFB25F1ABC8EDF00216D96 /* Spotify.framework */ = {isa = PBXFileReference; lastKnownFileType = wrapper.framework; path = Spotify.framework; sourceTree = "<group>"; };
/* End PBXFileReference section */

/* Begin PBXFrameworksBuildPhase section */
		9449E7C51A98514E0052FA72 /* Frameworks */ = {
			isa = PBXFrameworksBuildPhase;
			buildActionMask = 2147483647;
			files = (
				944ADF381AD1D72000FDC93B /* CoreLocation.framework in Frameworks */,
				941BC7C51A998E82001A56C3 /* FBAudienceNetwork.framework in Frameworks */,
				941BC7C31A998E82001A56C3 /* Bolts.framework in Frameworks */,
				941BC7C41A998E82001A56C3 /* FacebookSDK.framework in Frameworks */,
				94FFB2601ABC8EDF00216D96 /* Spotify.framework in Frameworks */,
			);
			runOnlyForDeploymentPostprocessing = 0;
		};
		9449E7DA1A98514F0052FA72 /* Frameworks */ = {
			isa = PBXFrameworksBuildPhase;
			buildActionMask = 2147483647;
			files = (
			);
			runOnlyForDeploymentPostprocessing = 0;
		};
/* End PBXFrameworksBuildPhase section */

/* Begin PBXGroup section */
		941BC4C71A991C0A001A56C3 /* Frameworks */ = {
			isa = PBXGroup;
			children = (
				944ADF371AD1D72000FDC93B /* CoreLocation.framework */,
				94FFB25F1ABC8EDF00216D96 /* Spotify.framework */,
				941BC6A71A998E81001A56C3 /* FacebookSDK */,
			);
			name = Frameworks;
			sourceTree = "<group>";
		};
		941BC6A71A998E81001A56C3 /* FacebookSDK */ = {
			isa = PBXGroup;
			children = (
				941BC6A81A998E81001A56C3 /* Bolts.framework */,
				941BC6A91A998E81001A56C3 /* FacebookSDK.framework */,
				941BC6AA1A998E81001A56C3 /* FBAudienceNetwork.framework */,
				941BC6AB1A998E81001A56C3 /* FBAudienceNetwork.README.txt */,
				941BC6AC1A998E81001A56C3 /* LICENSE */,
				941BC6AD1A998E81001A56C3 /* README.txt */,
			);
			name = FacebookSDK;
			path = ../../../../Documents/FacebookSDK;
			sourceTree = "<group>";
		};
		9449E7BF1A98514E0052FA72 = {
			isa = PBXGroup;
			children = (
				941BC4C71A991C0A001A56C3 /* Frameworks */,
				9449E7CA1A98514E0052FA72 /* DJ App */,
				9449E7E01A98514F0052FA72 /* DJ AppTests */,
				9449E7C91A98514E0052FA72 /* Products */,
			);
			sourceTree = "<group>";
		};
		9449E7C91A98514E0052FA72 /* Products */ = {
			isa = PBXGroup;
			children = (
				9449E7C81A98514E0052FA72 /* DJ App.app */,
				9449E7DD1A98514F0052FA72 /* DJ AppTests.xctest */,
			);
			name = Products;
			sourceTree = "<group>";
		};
		9449E7CA1A98514E0052FA72 /* DJ App */ = {
			isa = PBXGroup;
			children = (
				945B48891AACF39500FD6E08 /* BarsNearbyView.swift */,
				9449E7CD1A98514F0052FA72 /* AppDelegate.swift */,
				9449E7CF1A98514F0052FA72 /* ViewController.swift */,
				941571A11ABB682500E6C49B /* MainMenuView.swift */,
				948421B01ABFBB0D000E5285 /* QueueView.swift */,
				9449E7D11A98514F0052FA72 /* Main.storyboard */,
				944976161AF98F280058EE27 /* OrderView.swift */,
				944976121AF98D2E0058EE27 /* SpecialRequestView.swift */,
				944976141AF98EF40058EE27 /* CalendarView.swift */,
				94DC58E71AF950A500E364FA /* QueueView2.swift */,
				94DC58E51AF9485200E364FA /* TableViewCell.swift */,
				948ABD6C1AED9D23007C6E71 /* SongRequestView.swift */,
				9449E7D41A98514F0052FA72 /* Images.xcassets */,
				948ABD6A1AED813E007C6E71 /* abstract-blurred-lines-colorful-370.jpeg */,
				944ADF391AD1EFF300FDC93B /* UnselectedUpvote.png */,
				948ABD6E1AEDA88F007C6E71 /* resized-blurred-lines.jpeg */,
				9449E7D61A98514F0052FA72 /* LaunchScreen.xib */,
				9449E7CB1A98514E0052FA72 /* Supporting Files */,
				941BC6A61A9922D4001A56C3 /* DJ_App-Bridging-Header.h */,
			);
			path = "DJ App";
			sourceTree = "<group>";
		};
		9449E7CB1A98514E0052FA72 /* Supporting Files */ = {
			isa = PBXGroup;
			children = (
				9449E7CC1A98514F0052FA72 /* Info.plist */,
			);
			name = "Supporting Files";
			sourceTree = "<group>";
		};
		9449E7E01A98514F0052FA72 /* DJ AppTests */ = {
			isa = PBXGroup;
			children = (
				9449E7E31A98514F0052FA72 /* DJ_AppTests.swift */,
				9449E7E11A98514F0052FA72 /* Supporting Files */,
			);
			path = "DJ AppTests";
			sourceTree = "<group>";
		};
		9449E7E11A98514F0052FA72 /* Supporting Files */ = {
			isa = PBXGroup;
			children = (
				9449E7E21A98514F0052FA72 /* Info.plist */,
			);
			name = "Supporting Files";
			sourceTree = "<group>";
		};
/* End PBXGroup section */

/* Begin PBXNativeTarget section */
		9449E7C71A98514E0052FA72 /* DJ App */ = {
			isa = PBXNativeTarget;
			buildConfigurationList = 9449E7E71A98514F0052FA72 /* Build configuration list for PBXNativeTarget "DJ App" */;
			buildPhases = (
				9449E7C41A98514E0052FA72 /* Sources */,
				9449E7C51A98514E0052FA72 /* Frameworks */,
				9449E7C61A98514E0052FA72 /* Resources */,
			);
			buildRules = (
			);
			dependencies = (
			);
			name = "DJ App";
			productName = "DJ App";
			productReference = 9449E7C81A98514E0052FA72 /* DJ App.app */;
			productType = "com.apple.product-type.application";
		};
		9449E7DC1A98514F0052FA72 /* DJ AppTests */ = {
			isa = PBXNativeTarget;
			buildConfigurationList = 9449E7EA1A98514F0052FA72 /* Build configuration list for PBXNativeTarget "DJ AppTests" */;
			buildPhases = (
				9449E7D91A98514F0052FA72 /* Sources */,
				9449E7DA1A98514F0052FA72 /* Frameworks */,
				9449E7DB1A98514F0052FA72 /* Resources */,
			);
			buildRules = (
			);
			dependencies = (
				9449E7DF1A98514F0052FA72 /* PBXTargetDependency */,
			);
			name = "DJ AppTests";
			productName = "DJ AppTests";
			productReference = 9449E7DD1A98514F0052FA72 /* DJ AppTests.xctest */;
			productType = "com.apple.product-type.bundle.unit-test";
		};
/* End PBXNativeTarget section */

/* Begin PBXProject section */
		9449E7C01A98514E0052FA72 /* Project object */ = {
			isa = PBXProject;
			attributes = {
				LastUpgradeCheck = 0610;
				ORGANIZATIONNAME = "Ryan Gates";
				TargetAttributes = {
					9449E7C71A98514E0052FA72 = {
						CreatedOnToolsVersion = 6.1.1;
					};
					9449E7DC1A98514F0052FA72 = {
						CreatedOnToolsVersion = 6.1.1;
						TestTargetID = 9449E7C71A98514E0052FA72;
					};
				};
			};
			buildConfigurationList = 9449E7C31A98514E0052FA72 /* Build configuration list for PBXProject "DJ App" */;
			compatibilityVersion = "Xcode 3.2";
			developmentRegion = English;
			hasScannedForEncodings = 0;
			knownRegions = (
				en,
				Base,
				he,
			);
			mainGroup = 9449E7BF1A98514E0052FA72;
			productRefGroup = 9449E7C91A98514E0052FA72 /* Products */;
			projectDirPath = "";
			projectRoot = "";
			targets = (
				9449E7C71A98514E0052FA72 /* DJ App */,
				9449E7DC1A98514F0052FA72 /* DJ AppTests */,
			);
		};
/* End PBXProject section */

/* Begin PBXResourcesBuildPhase section */
		9449E7C61A98514E0052FA72 /* Resources */ = {
			isa = PBXResourcesBuildPhase;
			buildActionMask = 2147483647;
			files = (
				9449E7D31A98514F0052FA72 /* Main.storyboard in Resources */,
				9449E7D81A98514F0052FA72 /* LaunchScreen.xib in Resources */,
				941BC7C61A998E82001A56C3 /* FBAudienceNetwork.README.txt in Resources */,
				9449E7D51A98514F0052FA72 /* Images.xcassets in Resources */,
				941BC7C81A998E82001A56C3 /* README.txt in Resources */,
				948ABD6F1AEDA88F007C6E71 /* resized-blurred-lines.jpeg in Resources */,
				944ADF3A1AD1EFF300FDC93B /* UnselectedUpvote.png in Resources */,
				941BC7C71A998E82001A56C3 /* LICENSE in Resources */,
				948ABD6B1AED813E007C6E71 /* abstract-blurred-lines-colorful-370.jpeg in Resources */,
			);
			runOnlyForDeploymentPostprocessing = 0;
		};
		9449E7DB1A98514F0052FA72 /* Resources */ = {
			isa = PBXResourcesBuildPhase;
			buildActionMask = 2147483647;
			files = (
			);
			runOnlyForDeploymentPostprocessing = 0;
		};
/* End PBXResourcesBuildPhase section */

/* Begin PBXSourcesBuildPhase section */
		9449E7C41A98514E0052FA72 /* Sources */ = {
			isa = PBXSourcesBuildPhase;
			buildActionMask = 2147483647;
			files = (
				944976151AF98EF40058EE27 /* CalendarView.swift in Sources */,
				9449E7D01A98514F0052FA72 /* ViewController.swift in Sources */,
				948ABD6D1AED9D23007C6E71 /* SongRequestView.swift in Sources */,
				944976131AF98D2E0058EE27 /* SpecialRequestView.swift in Sources */,
				945B488A1AACF39500FD6E08 /* BarsNearbyView.swift in Sources */,
				941571A21ABB682500E6C49B /* MainMenuView.swift in Sources */,
				948421B11ABFBB0D000E5285 /* QueueView.swift in Sources */,
				94DC58E81AF950A500E364FA /* QueueView2.swift in Sources */,
				944976171AF98F280058EE27 /* OrderView.swift in Sources */,
				94DC58E61AF9485200E364FA /* TableViewCell.swift in Sources */,
				9449E7CE1A98514F0052FA72 /* AppDelegate.swift in Sources */,
			);
			runOnlyForDeploymentPostprocessing = 0;
		};
		9449E7D91A98514F0052FA72 /* Sources */ = {
			isa = PBXSourcesBuildPhase;
			buildActionMask = 2147483647;
			files = (
				9449E7E41A98514F0052FA72 /* DJ_AppTests.swift in Sources */,
			);
			runOnlyForDeploymentPostprocessing = 0;
		};
/* End PBXSourcesBuildPhase section */

/* Begin PBXTargetDependency section */
		9449E7DF1A98514F0052FA72 /* PBXTargetDependency */ = {
			isa = PBXTargetDependency;
			target = 9449E7C71A98514E0052FA72 /* DJ App */;
			targetProxy = 9449E7DE1A98514F0052FA72 /* PBXContainerItemProxy */;
		};
/* End PBXTargetDependency section */

/* Begin PBXVariantGroup section */
		9449E7D11A98514F0052FA72 /* Main.storyboard */ = {
			isa = PBXVariantGroup;
			children = (
				9449E7D21A98514F0052FA72 /* Base */,
			);
			name = Main.storyboard;
			sourceTree = "<group>";
		};
		9449E7D61A98514F0052FA72 /* LaunchScreen.xib */ = {
			isa = PBXVariantGroup;
			children = (
				9449E7D71A98514F0052FA72 /* Base */,
			);
			name = LaunchScreen.xib;
			sourceTree = "<group>";
		};
/* End PBXVariantGroup section */

/* Begin XCBuildConfiguration section */
		9449E7E51A98514F0052FA72 /* Debug */ = {
			isa = XCBuildConfiguration;
			buildSettings = {
				ALWAYS_SEARCH_USER_PATHS = NO;
				CLANG_CXX_LANGUAGE_STANDARD = "gnu++0x";
				CLANG_CXX_LIBRARY = "libc++";
				CLANG_ENABLE_MODULES = YES;
				CLANG_ENABLE_OBJC_ARC = YES;
				CLANG_WARN_BOOL_CONVERSION = YES;
				CLANG_WARN_CONSTANT_CONVERSION = YES;
				CLANG_WARN_DIRECT_OBJC_ISA_USAGE = YES_ERROR;
				CLANG_WARN_EMPTY_BODY = YES;
				CLANG_WARN_ENUM_CONVERSION = YES;
				CLANG_WARN_INT_CONVERSION = YES;
				CLANG_WARN_OBJC_ROOT_CLASS = YES_ERROR;
				CLANG_WARN_UNREACHABLE_CODE = YES;
				CLANG_WARN__DUPLICATE_METHOD_MATCH = YES;
				"CODE_SIGN_IDENTITY[sdk=iphoneos*]" = "iPhone Developer";
				COPY_PHASE_STRIP = NO;
				ENABLE_STRICT_OBJC_MSGSEND = YES;
				GCC_C_LANGUAGE_STANDARD = gnu99;
				GCC_DYNAMIC_NO_PIC = NO;
				GCC_OPTIMIZATION_LEVEL = 0;
				GCC_PREPROCESSOR_DEFINITIONS = (
					"DEBUG=1",
					"$(inherited)",
				);
				GCC_SYMBOLS_PRIVATE_EXTERN = NO;
				GCC_WARN_64_TO_32_BIT_CONVERSION = YES;
				GCC_WARN_ABOUT_RETURN_TYPE = YES_ERROR;
				GCC_WARN_UNDECLARED_SELECTOR = YES;
				GCC_WARN_UNINITIALIZED_AUTOS = YES_AGGRESSIVE;
				GCC_WARN_UNUSED_FUNCTION = YES;
				GCC_WARN_UNUSED_VARIABLE = YES;
				IPHONEOS_DEPLOYMENT_TARGET = 8.1;
				MTL_ENABLE_DEBUG_INFO = YES;
				ONLY_ACTIVE_ARCH = YES;
				SDKROOT = iphoneos;
				SWIFT_OPTIMIZATION_LEVEL = "-Onone";
				TARGETED_DEVICE_FAMILY = "1,2";
			};
			name = Debug;
		};
		9449E7E61A98514F0052FA72 /* Release */ = {
			isa = XCBuildConfiguration;
			buildSettings = {
				ALWAYS_SEARCH_USER_PATHS = NO;
				CLANG_CXX_LANGUAGE_STANDARD = "gnu++0x";
				CLANG_CXX_LIBRARY = "libc++";
				CLANG_ENABLE_MODULES = YES;
				CLANG_ENABLE_OBJC_ARC = YES;
				CLANG_WARN_BOOL_CONVERSION = YES;
				CLANG_WARN_CONSTANT_CONVERSION = YES;
				CLANG_WARN_DIRECT_OBJC_ISA_USAGE = YES_ERROR;
				CLANG_WARN_EMPTY_BODY = YES;
				CLANG_WARN_ENUM_CONVERSION = YES;
				CLANG_WARN_INT_CONVERSION = YES;
				CLANG_WARN_OBJC_ROOT_CLASS = YES_ERROR;
				CLANG_WARN_UNREACHABLE_CODE = YES;
				CLANG_WARN__DUPLICATE_METHOD_MATCH = YES;
				"CODE_SIGN_IDENTITY[sdk=iphoneos*]" = "iPhone Developer";
				COPY_PHASE_STRIP = YES;
				ENABLE_NS_ASSERTIONS = NO;
				ENABLE_STRICT_OBJC_MSGSEND = YES;
				GCC_C_LANGUAGE_STANDARD = gnu99;
				GCC_WARN_64_TO_32_BIT_CONVERSION = YES;
				GCC_WARN_ABOUT_RETURN_TYPE = YES_ERROR;
				GCC_WARN_UNDECLARED_SELECTOR = YES;
				GCC_WARN_UNINITIALIZED_AUTOS = YES_AGGRESSIVE;
				GCC_WARN_UNUSED_FUNCTION = YES;
				GCC_WARN_UNUSED_VARIABLE = YES;
				IPHONEOS_DEPLOYMENT_TARGET = 8.1;
				MTL_ENABLE_DEBUG_INFO = NO;
				SDKROOT = iphoneos;
				TARGETED_DEVICE_FAMILY = "1,2";
				VALIDATE_PRODUCT = YES;
			};
			name = Release;
		};
		9449E7E81A98514F0052FA72 /* Debug */ = {
			isa = XCBuildConfiguration;
			buildSettings = {
				ASSETCATALOG_COMPILER_APPICON_NAME = AppIcon;
				FRAMEWORK_SEARCH_PATHS = (
					$SRCROOT/FacebookSDK.framework,
					/Users/ryan/Documents/FacebookSDK,
					"$(PROJECT_DIR)",
				);
				GCC_INPUT_FILETYPE = automatic;
				INFOPLIST_FILE = "DJ App/Info.plist";
				LD_RUNPATH_SEARCH_PATHS = "$(inherited) @executable_path/Frameworks";
				PRODUCT_NAME = "$(TARGET_NAME)";
				SWIFT_OBJC_BRIDGING_HEADER = "DJ App/DJ_App-Bridging-Header.h";
			};
			name = Debug;
		};
		9449E7E91A98514F0052FA72 /* Release */ = {
			isa = XCBuildConfiguration;
			buildSettings = {
				ASSETCATALOG_COMPILER_APPICON_NAME = AppIcon;
				FRAMEWORK_SEARCH_PATHS = (
					$SRCROOT/FacebookSDK.framework,
					/Users/ryan/Documents/FacebookSDK,
					"$(PROJECT_DIR)",
				);
				GCC_INPUT_FILETYPE = automatic;
				INFOPLIST_FILE = "DJ App/Info.plist";
				LD_RUNPATH_SEARCH_PATHS = "$(inherited) @executable_path/Frameworks";
				PRODUCT_NAME = "$(TARGET_NAME)";
				SWIFT_OBJC_BRIDGING_HEADER = "DJ App/DJ_App-Bridging-Header.h";
			};
			name = Release;
		};
		9449E7EB1A98514F0052FA72 /* Debug */ = {
			isa = XCBuildConfiguration;
			buildSettings = {
				BUNDLE_LOADER = "$(TEST_HOST)";
				FRAMEWORK_SEARCH_PATHS = (
					"$(SDKROOT)/Developer/Library/Frameworks",
					"$(inherited)",
				);
				GCC_PREPROCESSOR_DEFINITIONS = (
					"DEBUG=1",
					"$(inherited)",
				);
				INFOPLIST_FILE = "DJ AppTests/Info.plist";
				LD_RUNPATH_SEARCH_PATHS = "$(inherited) @executable_path/Frameworks @loader_path/Frameworks";
				PRODUCT_NAME = "$(TARGET_NAME)";
				TEST_HOST = "$(BUILT_PRODUCTS_DIR)/DJ App.app/DJ App";
			};
			name = Debug;
		};
		9449E7EC1A98514F0052FA72 /* Release */ = {
			isa = XCBuildConfiguration;
			buildSettings = {
				BUNDLE_LOADER = "$(TEST_HOST)";
				FRAMEWORK_SEARCH_PATHS = (
					"$(SDKROOT)/Developer/Library/Frameworks",
					"$(inherited)",
				);
				INFOPLIST_FILE = "DJ AppTests/Info.plist";
				LD_RUNPATH_SEARCH_PATHS = "$(inherited) @executable_path/Frameworks @loader_path/Frameworks";
				PRODUCT_NAME = "$(TARGET_NAME)";
				TEST_HOST = "$(BUILT_PRODUCTS_DIR)/DJ App.app/DJ App";
			};
			name = Release;
		};
/* End XCBuildConfiguration section */

/* Begin XCConfigurationList section */
		9449E7C31A98514E0052FA72 /* Build configuration list for PBXProject "DJ App" */ = {
			isa = XCConfigurationList;
			buildConfigurations = (
				9449E7E51A98514F0052FA72 /* Debug */,
				9449E7E61A98514F0052FA72 /* Release */,
			);
			defaultConfigurationIsVisible = 0;
			defaultConfigurationName = Release;
		};
		9449E7E71A98514F0052FA72 /* Build configuration list for PBXNativeTarget "DJ App" */ = {
			isa = XCConfigurationList;
			buildConfigurations = (
				9449E7E81A98514F0052FA72 /* Debug */,
				9449E7E91A98514F0052FA72 /* Release */,
			);
			defaultConfigurationIsVisible = 0;
			defaultConfigurationName = Release;
		};
		9449E7EA1A98514F0052FA72 /* Build configuration list for PBXNativeTarget "DJ AppTests" */ = {
			isa = XCConfigurationList;
			buildConfigurations = (
				9449E7EB1A98514F0052FA72 /* Debug */,
				9449E7EC1A98514F0052FA72 /* Release */,
			);
			defaultConfigurationIsVisible = 0;
			defaultConfigurationName = Release;
		};
/* End XCConfigurationList section */
	};
	rootObject = 9449E7C01A98514E0052FA72 /* Project object */;
}
